
Microsoft Visual Studio Solution File, Format Version 12.00
# Visual Studio Version 16
VisualStudioVersion = 16.0.29209.62
MinimumVisualStudioVersion = 10.0.40219.1
Project("{FAE04EC0-301F-11D3-BF4B-00C04F79EFBC}") = "Form 1", "Form 1.csproj", "{AA0D6FAE-6E9B-4A15-B929-31BFF61D8F5F}"
EndProject
Global
	GlobalSection(SolutionConfigurationPlatforms) = preSolution
		Debug|Any CPU = Debug|Any CPU
		Release|Any CPU = Release|Any CPU
	EndGlobalSection
	GlobalSection(ProjectConfigurationPlatforms) = postSolution
		{AA0D6FAE-6E9B-4A15-B929-31BFF61D8F5F}.Debug|Any CPU.ActiveCfg = Debug|Any CPU
		{AA0D6FAE-6E9B-4A15-B929-31BFF61D8F5F}.Debug|Any CPU.Build.0 = Debug|Any CPU
		{AA0D6FAE-6E9B-4A15-B929-31BFF61D8F5F}.Release|Any CPU.ActiveCfg = Release|Any CPU
		{AA0D6FAE-6E9B-4A15-B929-31BFF61D8F5F}.Release|Any CPU.Build.0 = Release|Any CPU
	EndGlobalSection
	GlobalSection(SolutionProperties) = preSolution
		HideSolutionNode = FALSE
	EndGlobalSection
	GlobalSection(ExtensibilityGlobals) = postSolution
		SolutionGuid = {01B3414D-4AB6-47CB-AD90-45944DB9CEA5}
	EndGlobalSection
EndGlobal
